
Microsoft Visual Studio Solution File, Format Version 12.00
# Visual Studio 15
VisualStudioVersion = 15.0.27428.2015
MinimumVisualStudioVersion = 10.0.40219.1
Project("{9A19103F-16F7-4668-BE54-9A1E7A4F7556}") = "neo-cli", "neo-cli-nel\neo-cli.csproj", "{6BAC9A8B-F094-4B92-A1BA-EE01E9EE4DF0}"
EndProject
Project("{2150E333-8FDC-42A3-9474-1A3956D46DE8}") = "lib", "lib", "{04F4F0B4-7333-4A7A-B84C-AA60AF6B7DC6}"
EndProject
Project("{9A19103F-16F7-4668-BE54-9A1E7A4F7556}") = "neo", "neo\neo.csproj", "{5D00411A-2456-40C8-9984-AC56A3EC6992}"
	ProjectSection(ProjectDependencies) = postProject
		{B4943E5E-F1BE-48D9-AE94-50324552F419} = {B4943E5E-F1BE-48D9-AE94-50324552F419}
		{08A0FD5F-EF52-49DB-BF2F-D9B280F8674F} = {08A0FD5F-EF52-49DB-BF2F-D9B280F8674F}
	EndProjectSection
EndProject
Project("{9A19103F-16F7-4668-BE54-9A1E7A4F7556}") = "neo-vm", "neo-vm\neo-vm.csproj", "{B4943E5E-F1BE-48D9-AE94-50324552F419}"
EndProject
Project("{9A19103F-16F7-4668-BE54-9A1E7A4F7556}") = "llvm", "llvm\llvm.csproj", "{08A0FD5F-EF52-49DB-BF2F-D9B280F8674F}"
EndProject
Project("{2150E333-8FDC-42A3-9474-1A3956D46DE8}") = "plugin", "plugin", "{7D6FD372-E497-49F4-8CAC-F39F5974119C}"
EndProject
Project("{9A19103F-16F7-4668-BE54-9A1E7A4F7556}") = "ImportBlocks", "Plugin\ImportBlocks\ImportBlocks.csproj", "{F9BE6651-AD56-4929-8F50-748AC56C6621}"
EndProject
Project("{9A19103F-16F7-4668-BE54-9A1E7A4F7556}") = "RpcSecurity", "Plugin\RpcSecurity\RpcSecurity.csproj", "{8D8157E7-AA1C-4B84-B7D7-FAB4E0CE0484}"
EndProject
Project("{9A19103F-16F7-4668-BE54-9A1E7A4F7556}") = "SimplePolicy", "Plugin\SimplePolicy\SimplePolicy.csproj", "{14FAE0DA-79A1-4A67-B381-5F467FFF7E0B}"
EndProject
Project("{9A19103F-16F7-4668-BE54-9A1E7A4F7556}") = "StatesDumper", "Plugin\StatesDumper\StatesDumper.csproj", "{00829687-CB8B-4997-B5B5-A67ED307F013}"
EndProject
Global
	GlobalSection(SolutionConfigurationPlatforms) = preSolution
		Debug|Any CPU = Debug|Any CPU
		Debug|ARM = Debug|ARM
		Debug|x64 = Debug|x64
		Debug|x86 = Debug|x86
		Release|Any CPU = Release|Any CPU
		Release|ARM = Release|ARM
		Release|x64 = Release|x64
		Release|x86 = Release|x86
	EndGlobalSection
	GlobalSection(ProjectConfigurationPlatforms) = postSolution
		{6BAC9A8B-F094-4B92-A1BA-EE01E9EE4DF0}.Debug|Any CPU.ActiveCfg = Debug|Any CPU
		{6BAC9A8B-F094-4B92-A1BA-EE01E9EE4DF0}.Debug|Any CPU.Build.0 = Debug|Any CPU
		{6BAC9A8B-F094-4B92-A1BA-EE01E9EE4DF0}.Debug|ARM.ActiveCfg = Debug|Any CPU
		{6BAC9A8B-F094-4B92-A1BA-EE01E9EE4DF0}.Debug|ARM.Build.0 = Debug|Any CPU
		{6BAC9A8B-F094-4B92-A1BA-EE01E9EE4DF0}.Debug|x64.ActiveCfg = Debug|Any CPU
		{6BAC9A8B-F094-4B92-A1BA-EE01E9EE4DF0}.Debug|x64.Build.0 = Debug|Any CPU
		{6BAC9A8B-F094-4B92-A1BA-EE01E9EE4DF0}.Debug|x86.ActiveCfg = Debug|Any CPU
		{6BAC9A8B-F094-4B92-A1BA-EE01E9EE4DF0}.Debug|x86.Build.0 = Debug|Any CPU
		{6BAC9A8B-F094-4B92-A1BA-EE01E9EE4DF0}.Release|Any CPU.ActiveCfg = Release|Any CPU
		{6BAC9A8B-F094-4B92-A1BA-EE01E9EE4DF0}.Release|Any CPU.Build.0 = Release|Any CPU
		{6BAC9A8B-F094-4B92-A1BA-EE01E9EE4DF0}.Release|ARM.ActiveCfg = Release|Any CPU
		{6BAC9A8B-F094-4B92-A1BA-EE01E9EE4DF0}.Release|ARM.Build.0 = Release|Any CPU
		{6BAC9A8B-F094-4B92-A1BA-EE01E9EE4DF0}.Release|x64.ActiveCfg = Release|Any CPU
		{6BAC9A8B-F094-4B92-A1BA-EE01E9EE4DF0}.Release|x64.Build.0 = Release|Any CPU
		{6BAC9A8B-F094-4B92-A1BA-EE01E9EE4DF0}.Release|x86.ActiveCfg = Release|Any CPU
		{6BAC9A8B-F094-4B92-A1BA-EE01E9EE4DF0}.Release|x86.Build.0 = Release|Any CPU
		{5D00411A-2456-40C8-9984-AC56A3EC6992}.Debug|Any CPU.ActiveCfg = Debug|Any CPU
		{5D00411A-2456-40C8-9984-AC56A3EC6992}.Debug|Any CPU.Build.0 = Debug|Any CPU
		{5D00411A-2456-40C8-9984-AC56A3EC6992}.Debug|ARM.ActiveCfg = Debug|Any CPU
		{5D00411A-2456-40C8-9984-AC56A3EC6992}.Debug|ARM.Build.0 = Debug|Any CPU
		{5D00411A-2456-40C8-9984-AC56A3EC6992}.Debug|x64.ActiveCfg = Debug|Any CPU
		{5D00411A-2456-40C8-9984-AC56A3EC6992}.Debug|x64.Build.0 = Debug|Any CPU
		{5D00411A-2456-40C8-9984-AC56A3EC6992}.Debug|x86.ActiveCfg = Debug|Any CPU
		{5D00411A-2456-40C8-9984-AC56A3EC6992}.Debug|x86.Build.0 = Debug|Any CPU
		{5D00411A-2456-40C8-9984-AC56A3EC6992}.Release|Any CPU.ActiveCfg = Release|Any CPU
		{5D00411A-2456-40C8-9984-AC56A3EC6992}.Release|Any CPU.Build.0 = Release|Any CPU
		{5D00411A-2456-40C8-9984-AC56A3EC6992}.Release|ARM.ActiveCfg = Release|Any CPU
		{5D00411A-2456-40C8-9984-AC56A3EC6992}.Release|ARM.Build.0 = Release|Any CPU
		{5D00411A-2456-40C8-9984-AC56A3EC6992}.Release|x64.ActiveCfg = Release|Any CPU
		{5D00411A-2456-40C8-9984-AC56A3EC6992}.Release|x64.Build.0 = Release|Any CPU
		{5D00411A-2456-40C8-9984-AC56A3EC6992}.Release|x86.ActiveCfg = Release|Any CPU
		{5D00411A-2456-40C8-9984-AC56A3EC6992}.Release|x86.Build.0 = Release|Any CPU
		{B4943E5E-F1BE-48D9-AE94-50324552F419}.Debug|Any CPU.ActiveCfg = Debug|Any CPU
		{B4943E5E-F1BE-48D9-AE94-50324552F419}.Debug|Any CPU.Build.0 = Debug|Any CPU
		{B4943E5E-F1BE-48D9-AE94-50324552F419}.Debug|ARM.ActiveCfg = Debug|Any CPU
		{B4943E5E-F1BE-48D9-AE94-50324552F419}.Debug|ARM.Build.0 = Debug|Any CPU
		{B4943E5E-F1BE-48D9-AE94-50324552F419}.Debug|x64.ActiveCfg = Debug|Any CPU
		{B4943E5E-F1BE-48D9-AE94-50324552F419}.Debug|x64.Build.0 = Debug|Any CPU
		{B4943E5E-F1BE-48D9-AE94-50324552F419}.Debug|x86.ActiveCfg = Debug|Any CPU
		{B4943E5E-F1BE-48D9-AE94-50324552F419}.Debug|x86.Build.0 = Debug|Any CPU
		{B4943E5E-F1BE-48D9-AE94-50324552F419}.Release|Any CPU.ActiveCfg = Release|Any CPU
		{B4943E5E-F1BE-48D9-AE94-50324552F419}.Release|Any CPU.Build.0 = Release|Any CPU
		{B4943E5E-F1BE-48D9-AE94-50324552F419}.Release|ARM.ActiveCfg = Release|Any CPU
		{B4943E5E-F1BE-48D9-AE94-50324552F419}.Release|ARM.Build.0 = Release|Any CPU
		{B4943E5E-F1BE-48D9-AE94-50324552F419}.Release|x64.ActiveCfg = Release|Any CPU
		{B4943E5E-F1BE-48D9-AE94-50324552F419}.Release|x64.Build.0 = Release|Any CPU
		{B4943E5E-F1BE-48D9-AE94-50324552F419}.Release|x86.ActiveCfg = Release|Any CPU
		{B4943E5E-F1BE-48D9-AE94-50324552F419}.Release|x86.Build.0 = Release|Any CPU
		{08A0FD5F-EF52-49DB-BF2F-D9B280F8674F}.Debug|Any CPU.ActiveCfg = Debug|Any CPU
		{08A0FD5F-EF52-49DB-BF2F-D9B280F8674F}.Debug|Any CPU.Build.0 = Debug|Any CPU
		{08A0FD5F-EF52-49DB-BF2F-D9B280F8674F}.Debug|ARM.ActiveCfg = Debug|Any CPU
		{08A0FD5F-EF52-49DB-BF2F-D9B280F8674F}.Debug|ARM.Build.0 = Debug|Any CPU
		{08A0FD5F-EF52-49DB-BF2F-D9B280F8674F}.Debug|x64.ActiveCfg = Debug|Any CPU
		{08A0FD5F-EF52-49DB-BF2F-D9B280F8674F}.Debug|x64.Build.0 = Debug|Any CPU
		{08A0FD5F-EF52-49DB-BF2F-D9B280F8674F}.Debug|x86.ActiveCfg = Debug|Any CPU
		{08A0FD5F-EF52-49DB-BF2F-D9B280F8674F}.Debug|x86.Build.0 = Debug|Any CPU
		{08A0FD5F-EF52-49DB-BF2F-D9B280F8674F}.Release|Any CPU.ActiveCfg = Release|Any CPU
		{08A0FD5F-EF52-49DB-BF2F-D9B280F8674F}.Release|Any CPU.Build.0 = Release|Any CPU
		{08A0FD5F-EF52-49DB-BF2F-D9B280F8674F}.Release|ARM.ActiveCfg = Release|Any CPU
		{08A0FD5F-EF52-49DB-BF2F-D9B280F8674F}.Release|ARM.Build.0 = Release|Any CPU
		{08A0FD5F-EF52-49DB-BF2F-D9B280F8674F}.Release|x64.ActiveCfg = Release|Any CPU
		{08A0FD5F-EF52-49DB-BF2F-D9B280F8674F}.Release|x64.Build.0 = Release|Any CPU
		{08A0FD5F-EF52-49DB-BF2F-D9B280F8674F}.Release|x86.ActiveCfg = Release|Any CPU
		{08A0FD5F-EF52-49DB-BF2F-D9B280F8674F}.Release|x86.Build.0 = Release|Any CPU
		{F9BE6651-AD56-4929-8F50-748AC56C6621}.Debug|Any CPU.ActiveCfg = Debug|Any CPU
		{F9BE6651-AD56-4929-8F50-748AC56C6621}.Debug|Any CPU.Build.0 = Debug|Any CPU
		{F9BE6651-AD56-4929-8F50-748AC56C6621}.Debug|ARM.ActiveCfg = Debug|Any CPU
		{F9BE6651-AD56-4929-8F50-748AC56C6621}.Debug|ARM.Build.0 = Debug|Any CPU
		{F9BE6651-AD56-4929-8F50-748AC56C6621}.Debug|x64.ActiveCfg = Debug|Any CPU
		{F9BE6651-AD56-4929-8F50-748AC56C6621}.Debug|x64.Build.0 = Debug|Any CPU
		{F9BE6651-AD56-4929-8F50-748AC56C6621}.Debug|x86.ActiveCfg = Debug|Any CPU
		{F9BE6651-AD56-4929-8F50-748AC56C6621}.Debug|x86.Build.0 = Debug|Any CPU
		{F9BE6651-AD56-4929-8F50-748AC56C6621}.Release|Any CPU.ActiveCfg = Release|Any CPU
		{F9BE6651-AD56-4929-8F50-748AC56C6621}.Release|Any CPU.Build.0 = Release|Any CPU
		{F9BE6651-AD56-4929-8F50-748AC56C6621}.Release|ARM.ActiveCfg = Release|Any CPU
		{F9BE6651-AD56-4929-8F50-748AC56C6621}.Release|ARM.Build.0 = Release|Any CPU
		{F9BE6651-AD56-4929-8F50-748AC56C6621}.Release|x64.ActiveCfg = Release|Any CPU
		{F9BE6651-AD56-4929-8F50-748AC56C6621}.Release|x64.Build.0 = Release|Any CPU
		{F9BE6651-AD56-4929-8F50-748AC56C6621}.Release|x86.ActiveCfg = Release|Any CPU
		{F9BE6651-AD56-4929-8F50-748AC56C6621}.Release|x86.Build.0 = Release|Any CPU
		{8D8157E7-AA1C-4B84-B7D7-FAB4E0CE0484}.Debug|Any CPU.ActiveCfg = Debug|Any CPU
		{8D8157E7-AA1C-4B84-B7D7-FAB4E0CE0484}.Debug|Any CPU.Build.0 = Debug|Any CPU
		{8D8157E7-AA1C-4B84-B7D7-FAB4E0CE0484}.Debug|ARM.ActiveCfg = Debug|Any CPU
		{8D8157E7-AA1C-4B84-B7D7-FAB4E0CE0484}.Debug|ARM.Build.0 = Debug|Any CPU
		{8D8157E7-AA1C-4B84-B7D7-FAB4E0CE0484}.Debug|x64.ActiveCfg = Debug|Any CPU
		{8D8157E7-AA1C-4B84-B7D7-FAB4E0CE0484}.Debug|x64.Build.0 = Debug|Any CPU
		{8D8157E7-AA1C-4B84-B7D7-FAB4E0CE0484}.Debug|x86.ActiveCfg = Debug|Any CPU
		{8D8157E7-AA1C-4B84-B7D7-FAB4E0CE0484}.Debug|x86.Build.0 = Debug|Any CPU
		{8D8157E7-AA1C-4B84-B7D7-FAB4E0CE0484}.Release|Any CPU.ActiveCfg = Release|Any CPU
		{8D8157E7-AA1C-4B84-B7D7-FAB4E0CE0484}.Release|Any CPU.Build.0 = Release|Any CPU
		{8D8157E7-AA1C-4B84-B7D7-FAB4E0CE0484}.Release|ARM.ActiveCfg = Release|Any CPU
		{8D8157E7-AA1C-4B84-B7D7-FAB4E0CE0484}.Release|ARM.Build.0 = Release|Any CPU
		{8D8157E7-AA1C-4B84-B7D7-FAB4E0CE0484}.Release|x64.ActiveCfg = Release|Any CPU
		{8D8157E7-AA1C-4B84-B7D7-FAB4E0CE0484}.Release|x64.Build.0 = Release|Any CPU
		{8D8157E7-AA1C-4B84-B7D7-FAB4E0CE0484}.Release|x86.ActiveCfg = Release|Any CPU
		{8D8157E7-AA1C-4B84-B7D7-FAB4E0CE0484}.Release|x86.Build.0 = Release|Any CPU
		{14FAE0DA-79A1-4A67-B381-5F467FFF7E0B}.Debug|Any CPU.ActiveCfg = Debug|Any CPU
		{14FAE0DA-79A1-4A67-B381-5F467FFF7E0B}.Debug|Any CPU.Build.0 = Debug|Any CPU
		{14FAE0DA-79A1-4A67-B381-5F467FFF7E0B}.Debug|ARM.ActiveCfg = Debug|Any CPU
		{14FAE0DA-79A1-4A67-B381-5F467FFF7E0B}.Debug|ARM.Build.0 = Debug|Any CPU
		{14FAE0DA-79A1-4A67-B381-5F467FFF7E0B}.Debug|x64.ActiveCfg = Debug|Any CPU
		{14FAE0DA-79A1-4A67-B381-5F467FFF7E0B}.Debug|x64.Build.0 = Debug|Any CPU
		{14FAE0DA-79A1-4A67-B381-5F467FFF7E0B}.Debug|x86.ActiveCfg = Debug|Any CPU
		{14FAE0DA-79A1-4A67-B381-5F467FFF7E0B}.Debug|x86.Build.0 = Debug|Any CPU
		{14FAE0DA-79A1-4A67-B381-5F467FFF7E0B}.Release|Any CPU.ActiveCfg = Release|Any CPU
		{14FAE0DA-79A1-4A67-B381-5F467FFF7E0B}.Release|Any CPU.Build.0 = Release|Any CPU
		{14FAE0DA-79A1-4A67-B381-5F467FFF7E0B}.Release|ARM.ActiveCfg = Release|Any CPU
		{14FAE0DA-79A1-4A67-B381-5F467FFF7E0B}.Release|ARM.Build.0 = Release|Any CPU
		{14FAE0DA-79A1-4A67-B381-5F467FFF7E0B}.Release|x64.ActiveCfg = Release|Any CPU
		{14FAE0DA-79A1-4A67-B381-5F467FFF7E0B}.Release|x64.Build.0 = Release|Any CPU
		{14FAE0DA-79A1-4A67-B381-5F467FFF7E0B}.Release|x86.ActiveCfg = Release|Any CPU
		{14FAE0DA-79A1-4A67-B381-5F467FFF7E0B}.Release|x86.Build.0 = Release|Any CPU
		{00829687-CB8B-4997-B5B5-A67ED307F013}.Debug|Any CPU.ActiveCfg = Debug|Any CPU
		{00829687-CB8B-4997-B5B5-A67ED307F013}.Debug|Any CPU.Build.0 = Debug|Any CPU
		{00829687-CB8B-4997-B5B5-A67ED307F013}.Debug|ARM.ActiveCfg = Debug|Any CPU
		{00829687-CB8B-4997-B5B5-A67ED307F013}.Debug|ARM.Build.0 = Debug|Any CPU
		{00829687-CB8B-4997-B5B5-A67ED307F013}.Debug|x64.ActiveCfg = Debug|Any CPU
		{00829687-CB8B-4997-B5B5-A67ED307F013}.Debug|x64.Build.0 = Debug|Any CPU
		{00829687-CB8B-4997-B5B5-A67ED307F013}.Debug|x86.ActiveCfg = Debug|Any CPU
		{00829687-CB8B-4997-B5B5-A67ED307F013}.Debug|x86.Build.0 = Debug|Any CPU
		{00829687-CB8B-4997-B5B5-A67ED307F013}.Release|Any CPU.ActiveCfg = Release|Any CPU
		{00829687-CB8B-4997-B5B5-A67ED307F013}.Release|Any CPU.Build.0 = Release|Any CPU
		{00829687-CB8B-4997-B5B5-A67ED307F013}.Release|ARM.ActiveCfg = Release|Any CPU
		{00829687-CB8B-4997-B5B5-A67ED307F013}.Release|ARM.Build.0 = Release|Any CPU
		{00829687-CB8B-4997-B5B5-A67ED307F013}.Release|x64.ActiveCfg = Release|Any CPU
		{00829687-CB8B-4997-B5B5-A67ED307F013}.Release|x64.Build.0 = Release|Any CPU
		{00829687-CB8B-4997-B5B5-A67ED307F013}.Release|x86.ActiveCfg = Release|Any CPU
		{00829687-CB8B-4997-B5B5-A67ED307F013}.Release|x86.Build.0 = Release|Any CPU
	EndGlobalSection
	GlobalSection(SolutionProperties) = preSolution
		HideSolutionNode = FALSE
	EndGlobalSection
	GlobalSection(NestedProjects) = preSolution
		{5D00411A-2456-40C8-9984-AC56A3EC6992} = {04F4F0B4-7333-4A7A-B84C-AA60AF6B7DC6}
		{B4943E5E-F1BE-48D9-AE94-50324552F419} = {04F4F0B4-7333-4A7A-B84C-AA60AF6B7DC6}
		{08A0FD5F-EF52-49DB-BF2F-D9B280F8674F} = {04F4F0B4-7333-4A7A-B84C-AA60AF6B7DC6}
		{F9BE6651-AD56-4929-8F50-748AC56C6621} = {7D6FD372-E497-49F4-8CAC-F39F5974119C}
		{8D8157E7-AA1C-4B84-B7D7-FAB4E0CE0484} = {7D6FD372-E497-49F4-8CAC-F39F5974119C}
		{14FAE0DA-79A1-4A67-B381-5F467FFF7E0B} = {7D6FD372-E497-49F4-8CAC-F39F5974119C}
		{00829687-CB8B-4997-B5B5-A67ED307F013} = {7D6FD372-E497-49F4-8CAC-F39F5974119C}
	EndGlobalSection
	GlobalSection(ExtensibilityGlobals) = postSolution
		SolutionGuid = {51CCE542-0BFF-4FCE-B489-A4F680CE2BF2}
	EndGlobalSection
EndGlobal
